prepare_data:
  cmd: Rscript src/prepare_data.R
  deps:
  - path: data/lego-minifigures-classification
    md5: a06679457b69c077a789ca5f69953f11.dir
    size: 24474599
    nfiles: 436
  - path: src/prepare_data.R
    md5: 208cde013dbafc03460a6028631db352
    size: 1125
  params:
    params.yaml:
      prepare_data:
        input: data/lego-minifigures-classification
        train_output: data/prepared/train
        test_output: data/prepared/test
  outs:
  - path: data/prepared/test
    md5: 17a272d67b2836647e22d04880dcf156.dir
    size: 3279874
    nfiles: 64
  - path: data/prepared/train
    md5: 500bf14a02d264e14921b81c082149d8.dir
    size: 18560956
    nfiles: 324
train:
  cmd: Rscript src/train.R
  deps:
  - path: data/prepared/train
    md5: 500bf14a02d264e14921b81c082149d8.dir
    size: 18560956
    nfiles: 324
  - path: src/train.R
    md5: fbb880ca8dc79aee1175ddb25af89b54
    size: 3139
  params:
    params.yaml:
      train:
        input: data/prepared/train
        model: data/model
        batch_size: 64
        num_epochs: 20
        lr: 1e-06
  outs:
  - path: data/model
    md5: 94cb78513d2d464914cfa29d80904478
    size: 535687965
evaluate:
  cmd: Rscript src/evaluate.R
  deps:
  - path: data/model
    md5: 94cb78513d2d464914cfa29d80904478
    size: 535687965
  - path: data/prepared/test
    md5: 17a272d67b2836647e22d04880dcf156.dir
    size: 3279874
    nfiles: 64
  - path: src/evaluate.R
    md5: 12ededb159a738bc96a2766d3037bcb1
    size: 2699
  params:
    params.yaml:
      evaluate:
        test_dataset: data/prepared/test
        model: data/model
        metrics: metrics.json
        confusion_matrix: confusion_matrix.png
  outs:
  - path: confusion_matrix.png
    md5: 14fa0a9e5abb814e910029065d60645d
    size: 19837
  - path: metrics.json
    md5: ab3e12372de305ac6e6d9cb1e038e962
    size: 20
load_data:
  cmd: Rscript src/load_data.R
  deps:
  - path: src/load_data.R
    md5: 04f562b450508fc4747a35d5b9cbdca9
    size: 213
  outs:
  - path: data/lego-minifigures-classification
    md5: a06679457b69c077a789ca5f69953f11.dir
    size: 24474599
    nfiles: 436
