prepare_data:
  cmd: Rscript src/prepare_data.R
  deps:
  - path: data/lego-minifigures-classification
    md5: a06679457b69c077a789ca5f69953f11.dir
    size: 24474599
    nfiles: 436
  - path: src/prepare_data.R
    md5: 208cde013dbafc03460a6028631db352
    size: 1125
  params:
    params.yaml:
      prepare_data:
        input: data/lego-minifigures-classification
        train_output: data/prepared/train
        test_output: data/prepared/test
  outs:
  - path: data/prepared/test
    md5: 17a272d67b2836647e22d04880dcf156.dir
    size: 3279874
    nfiles: 64
  - path: data/prepared/train
    md5: 500bf14a02d264e14921b81c082149d8.dir
    size: 18560956
    nfiles: 324
train:
  cmd: Rscript src/train.R
  deps:
  - path: data/prepared/train
    md5: 500bf14a02d264e14921b81c082149d8.dir
    size: 18560956
    nfiles: 324
  - path: src/train.R
    md5: e993b0d27c76122a5f0d4c679cb43d68
    size: 3006
  params:
    params.yaml:
      train:
        input: data/prepared/train
        model: data/model
        batch_size: 16
        num_epochs: 2
  outs:
  - path: data/model
    md5: 51e6b36b53f81f6b74b9c27054bd0afa
    size: 45064357
evaluate:
  cmd: Rscript src/evaluate.R
  deps:
  - path: data/model
    md5: 51e6b36b53f81f6b74b9c27054bd0afa
    size: 45064357
  - path: data/prepared/test
    md5: 17a272d67b2836647e22d04880dcf156.dir
    size: 3279874
    nfiles: 64
  - path: src/evaluate.R
    md5: 12ededb159a738bc96a2766d3037bcb1
    size: 2699
  params:
    params.yaml:
      evaluate:
        test_dataset: data/prepared/test
        model: data/model
        metrics: metrics.json
        confusion_matrix: confusion_matrix.png
  outs:
  - path: confusion_matrix.png
    md5: 20b6a0c5e0152232eec54e9726441f4d
    size: 13396
  - path: metrics.json
    md5: b7dd315561043c5e17182794e73fe3d0
    size: 20
load_data:
  cmd: Rscript src/load_data.R
  deps:
  - path: src/load_data.R
    md5: 04f562b450508fc4747a35d5b9cbdca9
    size: 213
  outs:
  - path: data/lego-minifigures-classification
    md5: a06679457b69c077a789ca5f69953f11.dir
    size: 24474599
    nfiles: 436
